
Microsoft Visual Studio Solution File, Format Version 12.00
Project("{FAE04EC0-301F-11D3-BF4B-00C04F79EFBC}") = "ToDoList", "ToDoList\ToDoList.csproj", "{0C7AECF9-1BD0-4F6D-8537-0CD5D1FF3ABF}"
EndProject
Global
	GlobalSection(SolutionConfigurationPlatforms) = preSolution
		Debug|Any CPU = Debug|Any CPU
		Release|Any CPU = Release|Any CPU
	EndGlobalSection
	GlobalSection(ProjectConfigurationPlatforms) = postSolution
		{0C7AECF9-1BD0-4F6D-8537-0CD5D1FF3ABF}.Debug|Any CPU.ActiveCfg = Debug|Any CPU
		{0C7AECF9-1BD0-4F6D-8537-0CD5D1FF3ABF}.Debug|Any CPU.Build.0 = Debug|Any CPU
		{0C7AECF9-1BD0-4F6D-8537-0CD5D1FF3ABF}.Release|Any CPU.ActiveCfg = Release|Any CPU
		{0C7AECF9-1BD0-4F6D-8537-0CD5D1FF3ABF}.Release|Any CPU.Build.0 = Release|Any CPU
	EndGlobalSection
EndGlobal
